{
    "_readme": [
        "This file locks the dependencies of your project to a known state",
        "Read more about it at https://getcomposer.org/doc/01-basic-usage.md#composer-lock-the-lock-file",
        "This file is @generated automatically"
    ],
    "content-hash": "860db683d34593a009f82745d0852491",
    "packages": [
        {
            "name": "p-t-p/sdk_ptp",
            "version": "1.1",
            "source": {
                "type": "git",
                "url": "https://github.com/programmerproof/sdk_ptp.git",
                "reference": "317f25a736f45dd61c008e23fee202e6b8457ab4"
            },
            "dist": {
                "type": "zip",
                "url": "https://api.github.com/repos/programmerproof/sdk_ptp/zipball/317f25a736f45dd61c008e23fee202e6b8457ab4",
                "reference": "317f25a736f45dd61c008e23fee202e6b8457ab4",
                "shasum": ""
            },
            "require": {
                "php": ">=5.6.0"
            },
            "type": "library",
            "autoload": {
                "psr-4": {
                    "PlaceToPay\\SDK_PtP\\": "src"
                }
            },
            "notification-url": "https://packagist.org/downloads/",
            "license": [
                "MIT"
            ],
            "authors": [
                {
                    "name": "Julian Andres Baquero Rico",
                    "email": "segquerenquer@gmail.com"
                }
            ],
            "description": "Libreria para conectarse al webservice SOAP Place To Pay",
            "homepage": "https://github.com/programmerproof/sdk_ptp",
            "time": "2017-01-24T22:46:36+00:00"
        }
    ],
    "packages-dev": [],
    "aliases": [],
    "minimum-stability": "stable",
    "stability-flags": [],
    "prefer-stable": false,
    "prefer-lowest": false,
    "platform": [],
    "platform-dev": []
}
